// !$*UTF8*$!
{
	archiveVersion = 1;
	classes = {
	};
	objectVersion = 56;
	objects = {

/* Begin PBXBuildFile section */
		4CDE19CD299B80E6008190A0 /* PikitiaUIApp.swift in Sources */ = {isa = PBXBuildFile; fileRef = 4CDE19CC299B80E6008190A0 /* PikitiaUIApp.swift */; };
		4CDE19CF299B80E6008190A0 /* ContentView.swift in Sources */ = {isa = PBXBuildFile; fileRef = 4CDE19CE299B80E6008190A0 /* ContentView.swift */; };
		4CDE19D1299B80EA008190A0 /* Assets.xcassets in Resources */ = {isa = PBXBuildFile; fileRef = 4CDE19D0299B80EA008190A0 /* Assets.xcassets */; };
		4CDE19D4299B80EA008190A0 /* Preview Assets.xcassets in Resources */ = {isa = PBXBuildFile; fileRef = 4CDE19D3299B80EA008190A0 /* Preview Assets.xcassets */; };
		4CDE19DC299B8268008190A0 /* FlickrAPI.swift in Sources */ = {isa = PBXBuildFile; fileRef = 4CDE19DB299B8268008190A0 /* FlickrAPI.swift */; };
		4CDE19E1299B8303008190A0 /* Photos.swift in Sources */ = {isa = PBXBuildFile; fileRef = 4CDE19DE299B8303008190A0 /* Photos.swift */; };
		4CDE19E2299B8303008190A0 /* Photo.swift in Sources */ = {isa = PBXBuildFile; fileRef = 4CDE19DF299B8303008190A0 /* Photo.swift */; };
		4CDE19E3299B8303008190A0 /* PhotosData.swift in Sources */ = {isa = PBXBuildFile; fileRef = 4CDE19E0299B8303008190A0 /* PhotosData.swift */; };
		4CDE19E7299B84F1008190A0 /* ContentViewModel.swift in Sources */ = {isa = PBXBuildFile; fileRef = 4CDE19E6299B84F1008190A0 /* ContentViewModel.swift */; };
/* End PBXBuildFile section */

/* Begin PBXFileReference section */
		4CDE19C9299B80E6008190A0 /* PikitiaUI.app */ = {isa = PBXFileReference; explicitFileType = wrapper.application; includeInIndex = 0; path = PikitiaUI.app; sourceTree = BUILT_PRODUCTS_DIR; };
		4CDE19CC299B80E6008190A0 /* PikitiaUIApp.swift */ = {isa = PBXFileReference; lastKnownFileType = sourcecode.swift; path = PikitiaUIApp.swift; sourceTree = "<group>"; };
		4CDE19CE299B80E6008190A0 /* ContentView.swift */ = {isa = PBXFileReference; lastKnownFileType = sourcecode.swift; path = ContentView.swift; sourceTree = "<group>"; };
		4CDE19D0299B80EA008190A0 /* Assets.xcassets */ = {isa = PBXFileReference; lastKnownFileType = folder.assetcatalog; path = Assets.xcassets; sourceTree = "<group>"; };
		4CDE19D3299B80EA008190A0 /* Preview Assets.xcassets */ = {isa = PBXFileReference; lastKnownFileType = folder.assetcatalog; path = "Preview Assets.xcassets"; sourceTree = "<group>"; };
		4CDE19DB299B8268008190A0 /* FlickrAPI.swift */ = {isa = PBXFileReference; lastKnownFileType = sourcecode.swift; path = FlickrAPI.swift; sourceTree = "<group>"; };
		4CDE19DE299B8303008190A0 /* Photos.swift */ = {isa = PBXFileReference; fileEncoding = 4; lastKnownFileType = sourcecode.swift; path = Photos.swift; sourceTree = "<group>"; };
		4CDE19DF299B8303008190A0 /* Photo.swift */ = {isa = PBXFileReference; fileEncoding = 4; lastKnownFileType = sourcecode.swift; path = Photo.swift; sourceTree = "<group>"; };
		4CDE19E0299B8303008190A0 /* PhotosData.swift */ = {isa = PBXFileReference; fileEncoding = 4; lastKnownFileType = sourcecode.swift; path = PhotosData.swift; sourceTree = "<group>"; };
		4CDE19E6299B84F1008190A0 /* ContentViewModel.swift */ = {isa = PBXFileReference; lastKnownFileType = sourcecode.swift; path = ContentViewModel.swift; sourceTree = "<group>"; };
/* End PBXFileReference section */

/* Begin PBXFrameworksBuildPhase section */
		4CDE19C6299B80E6008190A0 /* Frameworks */ = {
			isa = PBXFrameworksBuildPhase;
			buildActionMask = 2147483647;
			files = (
			);
			runOnlyForDeploymentPostprocessing = 0;
		};
/* End PBXFrameworksBuildPhase section */

/* Begin PBXGroup section */
		4CDE19C0299B80E6008190A0 = {
			isa = PBXGroup;
			children = (
				4CDE19CB299B80E6008190A0 /* PikitiaUI */,
				4CDE19CA299B80E6008190A0 /* Products */,
			);
			sourceTree = "<group>";
		};
		4CDE19CA299B80E6008190A0 /* Products */ = {
			isa = PBXGroup;
			children = (
				4CDE19C9299B80E6008190A0 /* PikitiaUI.app */,
			);
			name = Products;
			sourceTree = "<group>";
		};
		4CDE19CB299B80E6008190A0 /* PikitiaUI */ = {
			isa = PBXGroup;
			children = (
				4CDE19E5299B8490008190A0 /* ViewModels */,
				4CDE19DD299B8294008190A0 /* Models */,
				4CDE19DA299B8246008190A0 /* Api */,
				4CDE19E4299B848A008190A0 /* App */,
				4CDE19D0299B80EA008190A0 /* Assets.xcassets */,
				4CDE19D2299B80EA008190A0 /* Preview Content */,
			);
			path = PikitiaUI;
			sourceTree = "<group>";
		};
		4CDE19D2299B80EA008190A0 /* Preview Content */ = {
			isa = PBXGroup;
			children = (
				4CDE19D3299B80EA008190A0 /* Preview Assets.xcassets */,
			);
			path = "Preview Content";
			sourceTree = "<group>";
		};
		4CDE19DA299B8246008190A0 /* Api */ = {
			isa = PBXGroup;
			children = (
				4CDE19DB299B8268008190A0 /* FlickrAPI.swift */,
			);
			path = Api;
			sourceTree = "<group>";
		};
		4CDE19DD299B8294008190A0 /* Models */ = {
			isa = PBXGroup;
			children = (
				4CDE19DF299B8303008190A0 /* Photo.swift */,
				4CDE19DE299B8303008190A0 /* Photos.swift */,
				4CDE19E0299B8303008190A0 /* PhotosData.swift */,
			);
			path = Models;
			sourceTree = "<group>";
		};
		4CDE19E4299B848A008190A0 /* App */ = {
			isa = PBXGroup;
			children = (
				4CDE19CC299B80E6008190A0 /* PikitiaUIApp.swift */,
				4CDE19CE299B80E6008190A0 /* ContentView.swift */,
			);
			path = App;
			sourceTree = "<group>";
		};
		4CDE19E5299B8490008190A0 /* ViewModels */ = {
			isa = PBXGroup;
			children = (
				4CDE19E6299B84F1008190A0 /* ContentViewModel.swift */,
			);
			path = ViewModels;
			sourceTree = "<group>";
		};
/* End PBXGroup section */

/* Begin PBXNativeTarget section */
		4CDE19C8299B80E6008190A0 /* PikitiaUI */ = {
			isa = PBXNativeTarget;
			buildConfigurationList = 4CDE19D7299B80EA008190A0 /* Build configuration list for PBXNativeTarget "PikitiaUI" */;
			buildPhases = (
				4CDE19C5299B80E6008190A0 /* Sources */,
				4CDE19C6299B80E6008190A0 /* Frameworks */,
				4CDE19C7299B80E6008190A0 /* Resources */,
			);
			buildRules = (
			);
			dependencies = (
			);
			name = PikitiaUI;
			productName = PikitiaUI;
			productReference = 4CDE19C9299B80E6008190A0 /* PikitiaUI.app */;
			productType = "com.apple.product-type.application";
		};
/* End PBXNativeTarget section */

/* Begin PBXProject section */
		4CDE19C1299B80E6008190A0 /* Project object */ = {
			isa = PBXProject;
			attributes = {
				BuildIndependentTargetsInParallel = 1;
				LastSwiftUpdateCheck = 1410;
				LastUpgradeCheck = 1410;
				TargetAttributes = {
					4CDE19C8299B80E6008190A0 = {
						CreatedOnToolsVersion = 14.1;
					};
				};
			};
			buildConfigurationList = 4CDE19C4299B80E6008190A0 /* Build configuration list for PBXProject "PikitiaUI" */;
			compatibilityVersion = "Xcode 14.0";
			developmentRegion = en;
			hasScannedForEncodings = 0;
			knownRegions = (
				en,
				Base,
			);
			mainGroup = 4CDE19C0299B80E6008190A0;
			productRefGroup = 4CDE19CA299B80E6008190A0 /* Products */;
			projectDirPath = "";
			projectRoot = "";
			targets = (
				4CDE19C8299B80E6008190A0 /* PikitiaUI */,
			);
		};
/* End PBXProject section */

/* Begin PBXResourcesBuildPhase section */
		4CDE19C7299B80E6008190A0 /* Resources */ = {
			isa = PBXResourcesBuildPhase;
			buildActionMask = 2147483647;
			files = (
				4CDE19D4299B80EA008190A0 /* Preview Assets.xcassets in Resources */,
				4CDE19D1299B80EA008190A0 /* Assets.xcassets in Resources */,
			);
			runOnlyForDeploymentPostprocessing = 0;
		};
/* End PBXResourcesBuildPhase section */

/* Begin PBXSourcesBuildPhase section */
		4CDE19C5299B80E6008190A0 /* Sources */ = {
			isa = PBXSourcesBuildPhase;
			buildActionMask = 2147483647;
			files = (
				4CDE19E1299B8303008190A0 /* Photos.swift in Sources */,
				4CDE19DC299B8268008190A0 /* FlickrAPI.swift in Sources */,
				4CDE19E3299B8303008190A0 /* PhotosData.swift in Sources */,
				4CDE19E7299B84F1008190A0 /* ContentViewModel.swift in Sources */,
				4CDE19CF299B80E6008190A0 /* ContentView.swift in Sources */,
				4CDE19CD299B80E6008190A0 /* PikitiaUIApp.swift in Sources */,
				4CDE19E2299B8303008190A0 /* Photo.swift in Sources */,
			);
			runOnlyForDeploymentPostprocessing = 0;
		};
/* End PBXSourcesBuildPhase section */

/* Begin XCBuildConfiguration section */
		4CDE19D5299B80EA008190A0 /* Debug */ = {
			isa = XCBuildConfiguration;
			buildSettings = {
				ALWAYS_SEARCH_USER_PATHS = NO;
				CLANG_ANALYZER_NONNULL = YES;
				CLANG_ANALYZER_NUMBER_OBJECT_CONVERSION = YES_AGGRESSIVE;
				CLANG_CXX_LANGUAGE_STANDARD = "gnu++20";
				CLANG_ENABLE_MODULES = YES;
				CLANG_ENABLE_OBJC_ARC = YES;
				CLANG_ENABLE_OBJC_WEAK = YES;
				CLANG_WARN_BLOCK_CAPTURE_AUTORELEASING = YES;
				CLANG_WARN_BOOL_CONVERSION = YES;
				CLANG_WARN_COMMA = YES;
				CLANG_WARN_CONSTANT_CONVERSION = YES;
				CLANG_WARN_DEPRECATED_OBJC_IMPLEMENTATIONS = YES;
				CLANG_WARN_DIRECT_OBJC_ISA_USAGE = YES_ERROR;
				CLANG_WARN_DOCUMENTATION_COMMENTS = YES;
				CLANG_WARN_EMPTY_BODY = YES;
				CLANG_WARN_ENUM_CONVERSION = YES;
				CLANG_WARN_INFINITE_RECURSION = YES;
				CLANG_WARN_INT_CONVERSION = YES;
				CLANG_WARN_NON_LITERAL_NULL_CONVERSION = YES;
				CLANG_WARN_OBJC_IMPLICIT_RETAIN_SELF = YES;
				CLANG_WARN_OBJC_LITERAL_CONVERSION = YES;
				CLANG_WARN_OBJC_ROOT_CLASS = YES_ERROR;
				CLANG_WARN_QUOTED_INCLUDE_IN_FRAMEWORK_HEADER = YES;
				CLANG_WARN_RANGE_LOOP_ANALYSIS = YES;
				CLANG_WARN_STRICT_PROTOTYPES = YES;
				CLANG_WARN_SUSPICIOUS_MOVE = YES;
				CLANG_WARN_UNGUARDED_AVAILABILITY = YES_AGGRESSIVE;
				CLANG_WARN_UNREACHABLE_CODE = YES;
				CLANG_WARN__DUPLICATE_METHOD_MATCH = YES;
				COPY_PHASE_STRIP = NO;
				DEBUG_INFORMATION_FORMAT = dwarf;
				ENABLE_STRICT_OBJC_MSGSEND = YES;
				ENABLE_TESTABILITY = YES;
				GCC_C_LANGUAGE_STANDARD = gnu11;
				GCC_DYNAMIC_NO_PIC = NO;
				GCC_NO_COMMON_BLOCKS = YES;
				GCC_OPTIMIZATION_LEVEL = 0;
				GCC_PREPROCESSOR_DEFINITIONS = (
					"DEBUG=1",
					"$(inherited)",
				);
				GCC_WARN_64_TO_32_BIT_CONVERSION = YES;
				GCC_WARN_ABOUT_RETURN_TYPE = YES_ERROR;
				GCC_WARN_UNDECLARED_SELECTOR = YES;
				GCC_WARN_UNINITIALIZED_AUTOS = YES_AGGRESSIVE;
				GCC_WARN_UNUSED_FUNCTION = YES;
				GCC_WARN_UNUSED_VARIABLE = YES;
				IPHONEOS_DEPLOYMENT_TARGET = 16.1;
				MTL_ENABLE_DEBUG_INFO = INCLUDE_SOURCE;
				MTL_FAST_MATH = YES;
				ONLY_ACTIVE_ARCH = YES;
				SDKROOT = iphoneos;
				SWIFT_ACTIVE_COMPILATION_CONDITIONS = DEBUG;
				SWIFT_OPTIMIZATION_LEVEL = "-Onone";
			};
			name = Debug;
		};
		4CDE19D6299B80EA008190A0 /* Release */ = {
			isa = XCBuildConfiguration;
			buildSettings = {
				ALWAYS_SEARCH_USER_PATHS = NO;
				CLANG_ANALYZER_NONNULL = YES;
				CLANG_ANALYZER_NUMBER_OBJECT_CONVERSION = YES_AGGRESSIVE;
				CLANG_CXX_LANGUAGE_STANDARD = "gnu++20";
				CLANG_ENABLE_MODULES = YES;
				CLANG_ENABLE_OBJC_ARC = YES;
				CLANG_ENABLE_OBJC_WEAK = YES;
				CLANG_WARN_BLOCK_CAPTURE_AUTORELEASING = YES;
				CLANG_WARN_BOOL_CONVERSION = YES;
				CLANG_WARN_COMMA = YES;
				CLANG_WARN_CONSTANT_CONVERSION = YES;
				CLANG_WARN_DEPRECATED_OBJC_IMPLEMENTATIONS = YES;
				CLANG_WARN_DIRECT_OBJC_ISA_USAGE = YES_ERROR;
				CLANG_WARN_DOCUMENTATION_COMMENTS = YES;
				CLANG_WARN_EMPTY_BODY = YES;
				CLANG_WARN_ENUM_CONVERSION = YES;
				CLANG_WARN_INFINITE_RECURSION = YES;
				CLANG_WARN_INT_CONVERSION = YES;
				CLANG_WARN_NON_LITERAL_NULL_CONVERSION = YES;
				CLANG_WARN_OBJC_IMPLICIT_RETAIN_SELF = YES;
				CLANG_WARN_OBJC_LITERAL_CONVERSION = YES;
				CLANG_WARN_OBJC_ROOT_CLASS = YES_ERROR;
				CLANG_WARN_QUOTED_INCLUDE_IN_FRAMEWORK_HEADER = YES;
				CLANG_WARN_RANGE_LOOP_ANALYSIS = YES;
				CLANG_WARN_STRICT_PROTOTYPES = YES;
				CLANG_WARN_SUSPICIOUS_MOVE = YES;
				CLANG_WARN_UNGUARDED_AVAILABILITY = YES_AGGRESSIVE;
				CLANG_WARN_UNREACHABLE_CODE = YES;
				CLANG_WARN__DUPLICATE_METHOD_MATCH = YES;
				COPY_PHASE_STRIP = NO;
				DEBUG_INFORMATION_FORMAT = "dwarf-with-dsym";
				ENABLE_NS_ASSERTIONS = NO;
				ENABLE_STRICT_OBJC_MSGSEND = YES;
				GCC_C_LANGUAGE_STANDARD = gnu11;
				GCC_NO_COMMON_BLOCKS = YES;
				GCC_WARN_64_TO_32_BIT_CONVERSION = YES;
				GCC_WARN_ABOUT_RETURN_TYPE = YES_ERROR;
				GCC_WARN_UNDECLARED_SELECTOR = YES;
				GCC_WARN_UNINITIALIZED_AUTOS = YES_AGGRESSIVE;
				GCC_WARN_UNUSED_FUNCTION = YES;
				GCC_WARN_UNUSED_VARIABLE = YES;
				IPHONEOS_DEPLOYMENT_TARGET = 16.1;
				MTL_ENABLE_DEBUG_INFO = NO;
				MTL_FAST_MATH = YES;
				SDKROOT = iphoneos;
				SWIFT_COMPILATION_MODE = wholemodule;
				SWIFT_OPTIMIZATION_LEVEL = "-O";
				VALIDATE_PRODUCT = YES;
			};
			name = Release;
		};
		4CDE19D8299B80EA008190A0 /* Debug */ = {
			isa = XCBuildConfiguration;
			buildSettings = {
				ASSETCATALOG_COMPILER_APPICON_NAME = AppIcon;
				ASSETCATALOG_COMPILER_GLOBAL_ACCENT_COLOR_NAME = AccentColor;
				CODE_SIGN_STYLE = Automatic;
				CURRENT_PROJECT_VERSION = 1;
				DEVELOPMENT_ASSET_PATHS = "\"PikitiaUI/Preview Content\"";
				DEVELOPMENT_TEAM = T69772G8XN;
				ENABLE_PREVIEWS = YES;
				GENERATE_INFOPLIST_FILE = YES;
				INFOPLIST_KEY_UIApplicationSceneManifest_Generation = YES;
				INFOPLIST_KEY_UIApplicationSupportsIndirectInputEvents = YES;
				INFOPLIST_KEY_UILaunchScreen_Generation = YES;
				INFOPLIST_KEY_UISupportedInterfaceOrientations_iPad = "UIInterfaceOrientationPortrait UIInterfaceOrientationPortraitUpsideDown UIInterfaceOrientationLandscapeLeft UIInterfaceOrientationLandscapeRight";
				INFOPLIST_KEY_UISupportedInterfaceOrientations_iPhone = "UIInterfaceOrientationPortrait UIInterfaceOrientationLandscapeLeft UIInterfaceOrientationLandscapeRight";
				LD_RUNPATH_SEARCH_PATHS = (
					"$(inherited)",
					"@executable_path/Frameworks",
				);
				MARKETING_VERSION = 1.0;
				PRODUCT_BUNDLE_IDENTIFIER = se.codable.PikitiaUI;
				PRODUCT_NAME = "$(TARGET_NAME)";
				SWIFT_EMIT_LOC_STRINGS = YES;
				SWIFT_VERSION = 5.0;
				TARGETED_DEVICE_FAMILY = "1,2";
			};
			name = Debug;
		};
		4CDE19D9299B80EA008190A0 /* Release */ = {
			isa = XCBuildConfiguration;
			buildSettings = {
				ASSETCATALOG_COMPILER_APPICON_NAME = AppIcon;
				ASSETCATALOG_COMPILER_GLOBAL_ACCENT_COLOR_NAME = AccentColor;
				CODE_SIGN_STYLE = Automatic;
				CURRENT_PROJECT_VERSION = 1;
				DEVELOPMENT_ASSET_PATHS = "\"PikitiaUI/Preview Content\"";
				DEVELOPMENT_TEAM = T69772G8XN;
				ENABLE_PREVIEWS = YES;
				GENERATE_INFOPLIST_FILE = YES;
				INFOPLIST_KEY_UIApplicationSceneManifest_Generation = YES;
				INFOPLIST_KEY_UIApplicationSupportsIndirectInputEvents = YES;
				INFOPLIST_KEY_UILaunchScreen_Generation = YES;
				INFOPLIST_KEY_UISupportedInterfaceOrientations_iPad = "UIInterfaceOrientationPortrait UIInterfaceOrientationPortraitUpsideDown UIInterfaceOrientationLandscapeLeft UIInterfaceOrientationLandscapeRight";
				INFOPLIST_KEY_UISupportedInterfaceOrientations_iPhone = "UIInterfaceOrientationPortrait UIInterfaceOrientationLandscapeLeft UIInterfaceOrientationLandscapeRight";
				LD_RUNPATH_SEARCH_PATHS = (
					"$(inherited)",
					"@executable_path/Frameworks",
				);
				MARKETING_VERSION = 1.0;
				PRODUCT_BUNDLE_IDENTIFIER = se.codable.PikitiaUI;
				PRODUCT_NAME = "$(TARGET_NAME)";
				SWIFT_EMIT_LOC_STRINGS = YES;
				SWIFT_VERSION = 5.0;
				TARGETED_DEVICE_FAMILY = "1,2";
			};
			name = Release;
		};
/* End XCBuildConfiguration section */

/* Begin XCConfigurationList section */
		4CDE19C4299B80E6008190A0 /* Build configuration list for PBXProject "PikitiaUI" */ = {
			isa = XCConfigurationList;
			buildConfigurations = (
				4CDE19D5299B80EA008190A0 /* Debug */,
				4CDE19D6299B80EA008190A0 /* Release */,
			);
			defaultConfigurationIsVisible = 0;
			defaultConfigurationName = Release;
		};
		4CDE19D7299B80EA008190A0 /* Build configuration list for PBXNativeTarget "PikitiaUI" */ = {
			isa = XCConfigurationList;
			buildConfigurations = (
				4CDE19D8299B80EA008190A0 /* Debug */,
				4CDE19D9299B80EA008190A0 /* Release */,
			);
			defaultConfigurationIsVisible = 0;
			defaultConfigurationName = Release;
		};
/* End XCConfigurationList section */
	};
	rootObject = 4CDE19C1299B80E6008190A0 /* Project object */;
}
